
Microsoft Visual Studio Solution File, Format Version 12.00
# Visual Studio Version 17
VisualStudioVersion = 17.0.31903.59
MinimumVisualStudioVersion = 10.0.40219.1
Project("{6EC3EE1D-3C4E-46DD-8F32-0CC8E7565705}") = "lt27", "lt27\lt27.fsproj", "{B7D58DA8-B4BA-49F0-8909-5F3DFBCF6C8E}"
EndProject
Project("{6EC3EE1D-3C4E-46DD-8F32-0CC8E7565705}") = "lt28", "lt28\lt28.fsproj", "{0BE50CEC-555E-47C2-A88C-FEC3AED0B249}"
EndProject
Project("{6EC3EE1D-3C4E-46DD-8F32-0CC8E7565705}") = "lt29", "lt29\lt29.fsproj", "{D01C5CC4-3500-4684-B3D6-42F4333472FD}"
EndProject
Project("{6EC3EE1D-3C4E-46DD-8F32-0CC8E7565705}") = "lt30", "lt30\lt30.fsproj", "{4CFD9DCC-E42B-42D5-B24C-120DB16DEBF8}"
EndProject
Project("{6EC3EE1D-3C4E-46DD-8F32-0CC8E7565705}") = "lt31", "lt31\lt31.fsproj", "{DFC93813-87A3-4F50-8C8B-2CA865C16516}"
EndProject
Project("{6EC3EE1D-3C4E-46DD-8F32-0CC8E7565705}") = "lt32", "lt32\lt32.fsproj", "{31D8C223-AFE8-45AC-99D7-22D3B3AE1FA7}"
EndProject
Project("{6EC3EE1D-3C4E-46DD-8F32-0CC8E7565705}") = "lt33", "lt33\lt33.fsproj", "{B3FEF254-3E68-441A-BEEB-9EE1D62193A9}"
EndProject
Project("{6EC3EE1D-3C4E-46DD-8F32-0CC8E7565705}") = "lt34", "lt34\lt34.fsproj", "{94FEBDF8-DA90-40A6-9A67-304621231D20}"
EndProject
Project("{6EC3EE1D-3C4E-46DD-8F32-0CC8E7565705}") = "lt35", "lt35\lt35.fsproj", "{F3B21181-AC90-46CB-A22C-1FA279EAE458}"
EndProject
Project("{6EC3EE1D-3C4E-46DD-8F32-0CC8E7565705}") = "lt36", "lt36\lt36.fsproj", "{F8DF212B-ED4E-45A7-8E14-F9DBACFEA77B}"
EndProject
Project("{6EC3EE1D-3C4E-46DD-8F32-0CC8E7565705}") = "lt37", "lt37\lt37.fsproj", "{460F15CE-7743-4001-ABF9-ED14A1B6618C}"
EndProject
Project("{6EC3EE1D-3C4E-46DD-8F32-0CC8E7565705}") = "lt38", "lt38\lt38.fsproj", "{AE03D100-2994-4BCC-A689-3374383577EB}"
EndProject
Project("{6EC3EE1D-3C4E-46DD-8F32-0CC8E7565705}") = "lt39", "lt39\lt39.fsproj", "{F099E1CA-F83C-4F5C-8991-006FF0D663B6}"
EndProject
Project("{6EC3EE1D-3C4E-46DD-8F32-0CC8E7565705}") = "lt40", "lt40\lt40.fsproj", "{A3149A25-8A47-41D4-BDEC-1602099E82FB}"
EndProject
Project("{6EC3EE1D-3C4E-46DD-8F32-0CC8E7565705}") = "lt41", "lt41\lt41.fsproj", "{1786FB86-8179-49E5-9499-CFE79B67B031}"
EndProject
Project("{6EC3EE1D-3C4E-46DD-8F32-0CC8E7565705}") = "lt42", "lt42\lt42.fsproj", "{32A775D9-1EA7-4527-977D-98F2FBE9B68E}"
EndProject
Project("{6EC3EE1D-3C4E-46DD-8F32-0CC8E7565705}") = "lt44", "lt44\lt44.fsproj", "{93B216A5-0CDA-4F81-AD34-CE5DBE14323B}"
EndProject
Project("{6EC3EE1D-3C4E-46DD-8F32-0CC8E7565705}") = "lt45", "lt45\lt45.fsproj", "{D9FF4BE3-5554-48EB-8062-620EF2EE82FA}"
EndProject
Project("{6EC3EE1D-3C4E-46DD-8F32-0CC8E7565705}") = "lt46", "lt46\lt46.fsproj", "{5110E4B6-8488-4695-BFF9-10D3941027A2}"
EndProject
Project("{6EC3EE1D-3C4E-46DD-8F32-0CC8E7565705}") = "lt47", "lt47\lt47.fsproj", "{6F31FF64-1F14-43FA-BC5D-B6B4112BF004}"
EndProject
Project("{6EC3EE1D-3C4E-46DD-8F32-0CC8E7565705}") = "lt48", "lt48\lt48.fsproj", "{B6FF6F36-D5A4-4CE1-8024-B79DD073836B}"
EndProject
Project("{6EC3EE1D-3C4E-46DD-8F32-0CC8E7565705}") = "lt49", "lt49\lt49.fsproj", "{E4363237-85C8-4DE4-8CF4-66EBFF5CD920}"
EndProject
Project("{6EC3EE1D-3C4E-46DD-8F32-0CC8E7565705}") = "lt50", "lt50\lt50.fsproj", "{63110BD2-48FB-4D76-86B4-9F085DC5093D}"
EndProject
Project("{6EC3EE1D-3C4E-46DD-8F32-0CC8E7565705}") = "lt51", "lt51\lt51.fsproj", "{764B7A74-B9BE-4057-8AF3-2D7F5A801ACA}"
EndProject
Project("{6EC3EE1D-3C4E-46DD-8F32-0CC8E7565705}") = "lt52", "lt52\lt52.fsproj", "{5349855F-8835-4D84-9D81-C243EB258FED}"
EndProject
Project("{6EC3EE1D-3C4E-46DD-8F32-0CC8E7565705}") = "lt53", "lt53\lt53.fsproj", "{F648882B-3669-4C57-8E8F-A05FCCFCDF76}"
EndProject
Project("{6EC3EE1D-3C4E-46DD-8F32-0CC8E7565705}") = "lt54", "lt54\lt54.fsproj", "{1C28F2C7-0106-4848-8492-F329982512EF}"
EndProject
Project("{6EC3EE1D-3C4E-46DD-8F32-0CC8E7565705}") = "lt55", "lt55\lt55.fsproj", "{3EF5AD5E-3E65-471A-BC7F-97ED298EF0D2}"
EndProject
Project("{6EC3EE1D-3C4E-46DD-8F32-0CC8E7565705}") = "lt56", "lt56\lt56.fsproj", "{E756CAD1-2AF4-40CD-803C-8B928F0F2D04}"
EndProject
Project("{6EC3EE1D-3C4E-46DD-8F32-0CC8E7565705}") = "lt57", "lt57\lt57.fsproj", "{EB7FD661-2E63-42DA-A82A-16B53F3DF124}"
EndProject
Project("{6EC3EE1D-3C4E-46DD-8F32-0CC8E7565705}") = "lt58", "lt58\lt58.fsproj", "{C6784D7B-DE17-4F00-B0EB-B47F0878F832}"
EndProject
Project("{6EC3EE1D-3C4E-46DD-8F32-0CC8E7565705}") = "lt59", "lt59\lt59.fsproj", "{DA1D72FE-031F-482D-8159-CFF7BE5485D5}"
EndProject
Project("{6EC3EE1D-3C4E-46DD-8F32-0CC8E7565705}") = "lt60", "lt60\lt60.fsproj", "{4CE90C62-0DEB-4E1B-B22A-9C15349DD1CE}"
EndProject
Project("{6EC3EE1D-3C4E-46DD-8F32-0CC8E7565705}") = "lt61", "lt61\lt61.fsproj", "{CE7C1D0A-4AD3-4EF1-83FC-D37AAE52A171}"
EndProject
Project("{6EC3EE1D-3C4E-46DD-8F32-0CC8E7565705}") = "lt62", "lt62\lt62.fsproj", "{8693D64F-9324-4158-AFF5-C7A2410EEDE4}"
EndProject
Project("{6EC3EE1D-3C4E-46DD-8F32-0CC8E7565705}") = "lt01", "lt01\lt01.fsproj", "{752A3C86-D8F8-4B96-B6F2-3881A774395B}"
EndProject
Project("{6EC3EE1D-3C4E-46DD-8F32-0CC8E7565705}") = "mid01", "mid01\mid01.fsproj", "{6C9108EF-DCE7-47E9-93B6-AE6F44042D13}"
EndProject
Project("{F2A71F9B-5D33-465A-A702-920D77279786}") = "lt02", "lt02\lt02.fsproj", "{53F34EA5-4992-43F2-9D03-513A7EE52633}"
EndProject
Project("{F2A71F9B-5D33-465A-A702-920D77279786}") = "lt03", "lt03\lt03.fsproj", "{CABA4404-7843-4968-82F4-82D490FC28A9}"
EndProject
Project("{F2A71F9B-5D33-465A-A702-920D77279786}") = "lt04", "lt04\lt04.fsproj", "{31868983-E478-4C07-9F67-39842104A96C}"
EndProject
Project("{F2A71F9B-5D33-465A-A702-920D77279786}") = "lt05", "lt05\lt05.fsproj", "{C5DA6E60-F626-408F-89E9-B877C794D385}"
EndProject
Global
	GlobalSection(SolutionConfigurationPlatforms) = preSolution
		Debug|Any CPU = Debug|Any CPU
		Release|Any CPU = Release|Any CPU
	EndGlobalSection
	GlobalSection(ProjectConfigurationPlatforms) = postSolution
		{B7D58DA8-B4BA-49F0-8909-5F3DFBCF6C8E}.Debug|Any CPU.ActiveCfg = Debug|Any CPU
		{B7D58DA8-B4BA-49F0-8909-5F3DFBCF6C8E}.Debug|Any CPU.Build.0 = Debug|Any CPU
		{B7D58DA8-B4BA-49F0-8909-5F3DFBCF6C8E}.Release|Any CPU.ActiveCfg = Release|Any CPU
		{B7D58DA8-B4BA-49F0-8909-5F3DFBCF6C8E}.Release|Any CPU.Build.0 = Release|Any CPU
		{0BE50CEC-555E-47C2-A88C-FEC3AED0B249}.Debug|Any CPU.ActiveCfg = Debug|Any CPU
		{0BE50CEC-555E-47C2-A88C-FEC3AED0B249}.Debug|Any CPU.Build.0 = Debug|Any CPU
		{0BE50CEC-555E-47C2-A88C-FEC3AED0B249}.Release|Any CPU.ActiveCfg = Release|Any CPU
		{0BE50CEC-555E-47C2-A88C-FEC3AED0B249}.Release|Any CPU.Build.0 = Release|Any CPU
		{D01C5CC4-3500-4684-B3D6-42F4333472FD}.Debug|Any CPU.ActiveCfg = Debug|Any CPU
		{D01C5CC4-3500-4684-B3D6-42F4333472FD}.Debug|Any CPU.Build.0 = Debug|Any CPU
		{D01C5CC4-3500-4684-B3D6-42F4333472FD}.Release|Any CPU.ActiveCfg = Release|Any CPU
		{D01C5CC4-3500-4684-B3D6-42F4333472FD}.Release|Any CPU.Build.0 = Release|Any CPU
		{4CFD9DCC-E42B-42D5-B24C-120DB16DEBF8}.Debug|Any CPU.ActiveCfg = Debug|Any CPU
		{4CFD9DCC-E42B-42D5-B24C-120DB16DEBF8}.Debug|Any CPU.Build.0 = Debug|Any CPU
		{4CFD9DCC-E42B-42D5-B24C-120DB16DEBF8}.Release|Any CPU.ActiveCfg = Release|Any CPU
		{4CFD9DCC-E42B-42D5-B24C-120DB16DEBF8}.Release|Any CPU.Build.0 = Release|Any CPU
		{DFC93813-87A3-4F50-8C8B-2CA865C16516}.Debug|Any CPU.ActiveCfg = Debug|Any CPU
		{DFC93813-87A3-4F50-8C8B-2CA865C16516}.Debug|Any CPU.Build.0 = Debug|Any CPU
		{DFC93813-87A3-4F50-8C8B-2CA865C16516}.Release|Any CPU.ActiveCfg = Release|Any CPU
		{DFC93813-87A3-4F50-8C8B-2CA865C16516}.Release|Any CPU.Build.0 = Release|Any CPU
		{31D8C223-AFE8-45AC-99D7-22D3B3AE1FA7}.Debug|Any CPU.ActiveCfg = Debug|Any CPU
		{31D8C223-AFE8-45AC-99D7-22D3B3AE1FA7}.Debug|Any CPU.Build.0 = Debug|Any CPU
		{31D8C223-AFE8-45AC-99D7-22D3B3AE1FA7}.Release|Any CPU.ActiveCfg = Release|Any CPU
		{31D8C223-AFE8-45AC-99D7-22D3B3AE1FA7}.Release|Any CPU.Build.0 = Release|Any CPU
		{B3FEF254-3E68-441A-BEEB-9EE1D62193A9}.Debug|Any CPU.ActiveCfg = Debug|Any CPU
		{B3FEF254-3E68-441A-BEEB-9EE1D62193A9}.Debug|Any CPU.Build.0 = Debug|Any CPU
		{B3FEF254-3E68-441A-BEEB-9EE1D62193A9}.Release|Any CPU.ActiveCfg = Release|Any CPU
		{B3FEF254-3E68-441A-BEEB-9EE1D62193A9}.Release|Any CPU.Build.0 = Release|Any CPU
		{94FEBDF8-DA90-40A6-9A67-304621231D20}.Debug|Any CPU.ActiveCfg = Debug|Any CPU
		{94FEBDF8-DA90-40A6-9A67-304621231D20}.Debug|Any CPU.Build.0 = Debug|Any CPU
		{94FEBDF8-DA90-40A6-9A67-304621231D20}.Release|Any CPU.ActiveCfg = Release|Any CPU
		{94FEBDF8-DA90-40A6-9A67-304621231D20}.Release|Any CPU.Build.0 = Release|Any CPU
		{F3B21181-AC90-46CB-A22C-1FA279EAE458}.Debug|Any CPU.ActiveCfg = Debug|Any CPU
		{F3B21181-AC90-46CB-A22C-1FA279EAE458}.Debug|Any CPU.Build.0 = Debug|Any CPU
		{F3B21181-AC90-46CB-A22C-1FA279EAE458}.Release|Any CPU.ActiveCfg = Release|Any CPU
		{F3B21181-AC90-46CB-A22C-1FA279EAE458}.Release|Any CPU.Build.0 = Release|Any CPU
		{F8DF212B-ED4E-45A7-8E14-F9DBACFEA77B}.Debug|Any CPU.ActiveCfg = Debug|Any CPU
		{F8DF212B-ED4E-45A7-8E14-F9DBACFEA77B}.Debug|Any CPU.Build.0 = Debug|Any CPU
		{F8DF212B-ED4E-45A7-8E14-F9DBACFEA77B}.Release|Any CPU.ActiveCfg = Release|Any CPU
		{F8DF212B-ED4E-45A7-8E14-F9DBACFEA77B}.Release|Any CPU.Build.0 = Release|Any CPU
		{460F15CE-7743-4001-ABF9-ED14A1B6618C}.Debug|Any CPU.ActiveCfg = Debug|Any CPU
		{460F15CE-7743-4001-ABF9-ED14A1B6618C}.Debug|Any CPU.Build.0 = Debug|Any CPU
		{460F15CE-7743-4001-ABF9-ED14A1B6618C}.Release|Any CPU.ActiveCfg = Release|Any CPU
		{460F15CE-7743-4001-ABF9-ED14A1B6618C}.Release|Any CPU.Build.0 = Release|Any CPU
		{AE03D100-2994-4BCC-A689-3374383577EB}.Debug|Any CPU.ActiveCfg = Debug|Any CPU
		{AE03D100-2994-4BCC-A689-3374383577EB}.Debug|Any CPU.Build.0 = Debug|Any CPU
		{AE03D100-2994-4BCC-A689-3374383577EB}.Release|Any CPU.ActiveCfg = Release|Any CPU
		{AE03D100-2994-4BCC-A689-3374383577EB}.Release|Any CPU.Build.0 = Release|Any CPU
		{F099E1CA-F83C-4F5C-8991-006FF0D663B6}.Debug|Any CPU.ActiveCfg = Debug|Any CPU
		{F099E1CA-F83C-4F5C-8991-006FF0D663B6}.Debug|Any CPU.Build.0 = Debug|Any CPU
		{F099E1CA-F83C-4F5C-8991-006FF0D663B6}.Release|Any CPU.ActiveCfg = Release|Any CPU
		{F099E1CA-F83C-4F5C-8991-006FF0D663B6}.Release|Any CPU.Build.0 = Release|Any CPU
		{A3149A25-8A47-41D4-BDEC-1602099E82FB}.Debug|Any CPU.ActiveCfg = Debug|Any CPU
		{A3149A25-8A47-41D4-BDEC-1602099E82FB}.Debug|Any CPU.Build.0 = Debug|Any CPU
		{A3149A25-8A47-41D4-BDEC-1602099E82FB}.Release|Any CPU.ActiveCfg = Release|Any CPU
		{A3149A25-8A47-41D4-BDEC-1602099E82FB}.Release|Any CPU.Build.0 = Release|Any CPU
		{1786FB86-8179-49E5-9499-CFE79B67B031}.Debug|Any CPU.ActiveCfg = Debug|Any CPU
		{1786FB86-8179-49E5-9499-CFE79B67B031}.Debug|Any CPU.Build.0 = Debug|Any CPU
		{1786FB86-8179-49E5-9499-CFE79B67B031}.Release|Any CPU.ActiveCfg = Release|Any CPU
		{1786FB86-8179-49E5-9499-CFE79B67B031}.Release|Any CPU.Build.0 = Release|Any CPU
		{32A775D9-1EA7-4527-977D-98F2FBE9B68E}.Debug|Any CPU.ActiveCfg = Debug|Any CPU
		{32A775D9-1EA7-4527-977D-98F2FBE9B68E}.Debug|Any CPU.Build.0 = Debug|Any CPU
		{32A775D9-1EA7-4527-977D-98F2FBE9B68E}.Release|Any CPU.ActiveCfg = Release|Any CPU
		{32A775D9-1EA7-4527-977D-98F2FBE9B68E}.Release|Any CPU.Build.0 = Release|Any CPU
		{93B216A5-0CDA-4F81-AD34-CE5DBE14323B}.Debug|Any CPU.ActiveCfg = Debug|Any CPU
		{93B216A5-0CDA-4F81-AD34-CE5DBE14323B}.Debug|Any CPU.Build.0 = Debug|Any CPU
		{93B216A5-0CDA-4F81-AD34-CE5DBE14323B}.Release|Any CPU.ActiveCfg = Release|Any CPU
		{93B216A5-0CDA-4F81-AD34-CE5DBE14323B}.Release|Any CPU.Build.0 = Release|Any CPU
		{D9FF4BE3-5554-48EB-8062-620EF2EE82FA}.Debug|Any CPU.ActiveCfg = Debug|Any CPU
		{D9FF4BE3-5554-48EB-8062-620EF2EE82FA}.Debug|Any CPU.Build.0 = Debug|Any CPU
		{D9FF4BE3-5554-48EB-8062-620EF2EE82FA}.Release|Any CPU.ActiveCfg = Release|Any CPU
		{D9FF4BE3-5554-48EB-8062-620EF2EE82FA}.Release|Any CPU.Build.0 = Release|Any CPU
		{5110E4B6-8488-4695-BFF9-10D3941027A2}.Debug|Any CPU.ActiveCfg = Debug|Any CPU
		{5110E4B6-8488-4695-BFF9-10D3941027A2}.Debug|Any CPU.Build.0 = Debug|Any CPU
		{5110E4B6-8488-4695-BFF9-10D3941027A2}.Release|Any CPU.ActiveCfg = Release|Any CPU
		{5110E4B6-8488-4695-BFF9-10D3941027A2}.Release|Any CPU.Build.0 = Release|Any CPU
		{6F31FF64-1F14-43FA-BC5D-B6B4112BF004}.Debug|Any CPU.ActiveCfg = Debug|Any CPU
		{6F31FF64-1F14-43FA-BC5D-B6B4112BF004}.Debug|Any CPU.Build.0 = Debug|Any CPU
		{6F31FF64-1F14-43FA-BC5D-B6B4112BF004}.Release|Any CPU.ActiveCfg = Release|Any CPU
		{6F31FF64-1F14-43FA-BC5D-B6B4112BF004}.Release|Any CPU.Build.0 = Release|Any CPU
		{B6FF6F36-D5A4-4CE1-8024-B79DD073836B}.Debug|Any CPU.ActiveCfg = Debug|Any CPU
		{B6FF6F36-D5A4-4CE1-8024-B79DD073836B}.Debug|Any CPU.Build.0 = Debug|Any CPU
		{B6FF6F36-D5A4-4CE1-8024-B79DD073836B}.Release|Any CPU.ActiveCfg = Release|Any CPU
		{B6FF6F36-D5A4-4CE1-8024-B79DD073836B}.Release|Any CPU.Build.0 = Release|Any CPU
		{E4363237-85C8-4DE4-8CF4-66EBFF5CD920}.Debug|Any CPU.ActiveCfg = Debug|Any CPU
		{E4363237-85C8-4DE4-8CF4-66EBFF5CD920}.Debug|Any CPU.Build.0 = Debug|Any CPU
		{E4363237-85C8-4DE4-8CF4-66EBFF5CD920}.Release|Any CPU.ActiveCfg = Release|Any CPU
		{E4363237-85C8-4DE4-8CF4-66EBFF5CD920}.Release|Any CPU.Build.0 = Release|Any CPU
		{63110BD2-48FB-4D76-86B4-9F085DC5093D}.Debug|Any CPU.ActiveCfg = Debug|Any CPU
		{63110BD2-48FB-4D76-86B4-9F085DC5093D}.Debug|Any CPU.Build.0 = Debug|Any CPU
		{63110BD2-48FB-4D76-86B4-9F085DC5093D}.Release|Any CPU.ActiveCfg = Release|Any CPU
		{63110BD2-48FB-4D76-86B4-9F085DC5093D}.Release|Any CPU.Build.0 = Release|Any CPU
		{764B7A74-B9BE-4057-8AF3-2D7F5A801ACA}.Debug|Any CPU.ActiveCfg = Debug|Any CPU
		{764B7A74-B9BE-4057-8AF3-2D7F5A801ACA}.Debug|Any CPU.Build.0 = Debug|Any CPU
		{764B7A74-B9BE-4057-8AF3-2D7F5A801ACA}.Release|Any CPU.ActiveCfg = Release|Any CPU
		{764B7A74-B9BE-4057-8AF3-2D7F5A801ACA}.Release|Any CPU.Build.0 = Release|Any CPU
		{5349855F-8835-4D84-9D81-C243EB258FED}.Debug|Any CPU.ActiveCfg = Debug|Any CPU
		{5349855F-8835-4D84-9D81-C243EB258FED}.Debug|Any CPU.Build.0 = Debug|Any CPU
		{5349855F-8835-4D84-9D81-C243EB258FED}.Release|Any CPU.ActiveCfg = Release|Any CPU
		{5349855F-8835-4D84-9D81-C243EB258FED}.Release|Any CPU.Build.0 = Release|Any CPU
		{F648882B-3669-4C57-8E8F-A05FCCFCDF76}.Debug|Any CPU.ActiveCfg = Debug|Any CPU
		{F648882B-3669-4C57-8E8F-A05FCCFCDF76}.Debug|Any CPU.Build.0 = Debug|Any CPU
		{F648882B-3669-4C57-8E8F-A05FCCFCDF76}.Release|Any CPU.ActiveCfg = Release|Any CPU
		{F648882B-3669-4C57-8E8F-A05FCCFCDF76}.Release|Any CPU.Build.0 = Release|Any CPU
		{1C28F2C7-0106-4848-8492-F329982512EF}.Debug|Any CPU.ActiveCfg = Debug|Any CPU
		{1C28F2C7-0106-4848-8492-F329982512EF}.Debug|Any CPU.Build.0 = Debug|Any CPU
		{1C28F2C7-0106-4848-8492-F329982512EF}.Release|Any CPU.ActiveCfg = Release|Any CPU
		{1C28F2C7-0106-4848-8492-F329982512EF}.Release|Any CPU.Build.0 = Release|Any CPU
		{3EF5AD5E-3E65-471A-BC7F-97ED298EF0D2}.Debug|Any CPU.ActiveCfg = Debug|Any CPU
		{3EF5AD5E-3E65-471A-BC7F-97ED298EF0D2}.Debug|Any CPU.Build.0 = Debug|Any CPU
		{3EF5AD5E-3E65-471A-BC7F-97ED298EF0D2}.Release|Any CPU.ActiveCfg = Release|Any CPU
		{3EF5AD5E-3E65-471A-BC7F-97ED298EF0D2}.Release|Any CPU.Build.0 = Release|Any CPU
		{E756CAD1-2AF4-40CD-803C-8B928F0F2D04}.Debug|Any CPU.ActiveCfg = Debug|Any CPU
		{E756CAD1-2AF4-40CD-803C-8B928F0F2D04}.Debug|Any CPU.Build.0 = Debug|Any CPU
		{E756CAD1-2AF4-40CD-803C-8B928F0F2D04}.Release|Any CPU.ActiveCfg = Release|Any CPU
		{E756CAD1-2AF4-40CD-803C-8B928F0F2D04}.Release|Any CPU.Build.0 = Release|Any CPU
		{EB7FD661-2E63-42DA-A82A-16B53F3DF124}.Debug|Any CPU.ActiveCfg = Debug|Any CPU
		{EB7FD661-2E63-42DA-A82A-16B53F3DF124}.Debug|Any CPU.Build.0 = Debug|Any CPU
		{EB7FD661-2E63-42DA-A82A-16B53F3DF124}.Release|Any CPU.ActiveCfg = Release|Any CPU
		{EB7FD661-2E63-42DA-A82A-16B53F3DF124}.Release|Any CPU.Build.0 = Release|Any CPU
		{C6784D7B-DE17-4F00-B0EB-B47F0878F832}.Debug|Any CPU.ActiveCfg = Debug|Any CPU
		{C6784D7B-DE17-4F00-B0EB-B47F0878F832}.Debug|Any CPU.Build.0 = Debug|Any CPU
		{C6784D7B-DE17-4F00-B0EB-B47F0878F832}.Release|Any CPU.ActiveCfg = Release|Any CPU
		{C6784D7B-DE17-4F00-B0EB-B47F0878F832}.Release|Any CPU.Build.0 = Release|Any CPU
		{DA1D72FE-031F-482D-8159-CFF7BE5485D5}.Debug|Any CPU.ActiveCfg = Debug|Any CPU
		{DA1D72FE-031F-482D-8159-CFF7BE5485D5}.Debug|Any CPU.Build.0 = Debug|Any CPU
		{DA1D72FE-031F-482D-8159-CFF7BE5485D5}.Release|Any CPU.ActiveCfg = Release|Any CPU
		{DA1D72FE-031F-482D-8159-CFF7BE5485D5}.Release|Any CPU.Build.0 = Release|Any CPU
		{4CE90C62-0DEB-4E1B-B22A-9C15349DD1CE}.Debug|Any CPU.ActiveCfg = Debug|Any CPU
		{4CE90C62-0DEB-4E1B-B22A-9C15349DD1CE}.Debug|Any CPU.Build.0 = Debug|Any CPU
		{4CE90C62-0DEB-4E1B-B22A-9C15349DD1CE}.Release|Any CPU.ActiveCfg = Release|Any CPU
		{4CE90C62-0DEB-4E1B-B22A-9C15349DD1CE}.Release|Any CPU.Build.0 = Release|Any CPU
		{CE7C1D0A-4AD3-4EF1-83FC-D37AAE52A171}.Debug|Any CPU.ActiveCfg = Debug|Any CPU
		{CE7C1D0A-4AD3-4EF1-83FC-D37AAE52A171}.Debug|Any CPU.Build.0 = Debug|Any CPU
		{CE7C1D0A-4AD3-4EF1-83FC-D37AAE52A171}.Release|Any CPU.ActiveCfg = Release|Any CPU
		{CE7C1D0A-4AD3-4EF1-83FC-D37AAE52A171}.Release|Any CPU.Build.0 = Release|Any CPU
		{8693D64F-9324-4158-AFF5-C7A2410EEDE4}.Debug|Any CPU.ActiveCfg = Debug|Any CPU
		{8693D64F-9324-4158-AFF5-C7A2410EEDE4}.Debug|Any CPU.Build.0 = Debug|Any CPU
		{8693D64F-9324-4158-AFF5-C7A2410EEDE4}.Release|Any CPU.ActiveCfg = Release|Any CPU
		{8693D64F-9324-4158-AFF5-C7A2410EEDE4}.Release|Any CPU.Build.0 = Release|Any CPU
		{752A3C86-D8F8-4B96-B6F2-3881A774395B}.Debug|Any CPU.ActiveCfg = Debug|Any CPU
		{752A3C86-D8F8-4B96-B6F2-3881A774395B}.Debug|Any CPU.Build.0 = Debug|Any CPU
		{752A3C86-D8F8-4B96-B6F2-3881A774395B}.Release|Any CPU.ActiveCfg = Release|Any CPU
		{752A3C86-D8F8-4B96-B6F2-3881A774395B}.Release|Any CPU.Build.0 = Release|Any CPU
		{6C9108EF-DCE7-47E9-93B6-AE6F44042D13}.Debug|Any CPU.ActiveCfg = Debug|Any CPU
		{6C9108EF-DCE7-47E9-93B6-AE6F44042D13}.Debug|Any CPU.Build.0 = Debug|Any CPU
		{6C9108EF-DCE7-47E9-93B6-AE6F44042D13}.Release|Any CPU.ActiveCfg = Release|Any CPU
		{6C9108EF-DCE7-47E9-93B6-AE6F44042D13}.Release|Any CPU.Build.0 = Release|Any CPU
		{53F34EA5-4992-43F2-9D03-513A7EE52633}.Debug|Any CPU.ActiveCfg = Debug|Any CPU
		{53F34EA5-4992-43F2-9D03-513A7EE52633}.Debug|Any CPU.Build.0 = Debug|Any CPU
		{53F34EA5-4992-43F2-9D03-513A7EE52633}.Release|Any CPU.ActiveCfg = Release|Any CPU
		{53F34EA5-4992-43F2-9D03-513A7EE52633}.Release|Any CPU.Build.0 = Release|Any CPU
		{CABA4404-7843-4968-82F4-82D490FC28A9}.Debug|Any CPU.ActiveCfg = Debug|Any CPU
		{CABA4404-7843-4968-82F4-82D490FC28A9}.Debug|Any CPU.Build.0 = Debug|Any CPU
		{CABA4404-7843-4968-82F4-82D490FC28A9}.Release|Any CPU.ActiveCfg = Release|Any CPU
		{CABA4404-7843-4968-82F4-82D490FC28A9}.Release|Any CPU.Build.0 = Release|Any CPU
		{31868983-E478-4C07-9F67-39842104A96C}.Debug|Any CPU.ActiveCfg = Debug|Any CPU
		{31868983-E478-4C07-9F67-39842104A96C}.Debug|Any CPU.Build.0 = Debug|Any CPU
		{31868983-E478-4C07-9F67-39842104A96C}.Release|Any CPU.ActiveCfg = Release|Any CPU
		{31868983-E478-4C07-9F67-39842104A96C}.Release|Any CPU.Build.0 = Release|Any CPU
		{C5DA6E60-F626-408F-89E9-B877C794D385}.Debug|Any CPU.ActiveCfg = Debug|Any CPU
		{C5DA6E60-F626-408F-89E9-B877C794D385}.Debug|Any CPU.Build.0 = Debug|Any CPU
		{C5DA6E60-F626-408F-89E9-B877C794D385}.Release|Any CPU.ActiveCfg = Release|Any CPU
		{C5DA6E60-F626-408F-89E9-B877C794D385}.Release|Any CPU.Build.0 = Release|Any CPU
	EndGlobalSection
	GlobalSection(SolutionProperties) = preSolution
		HideSolutionNode = FALSE
	EndGlobalSection
	GlobalSection(ExtensibilityGlobals) = postSolution
		SolutionGuid = {BED0855A-F652-4DE5-AD7B-69F4A6B49091}
	EndGlobalSection
EndGlobal
